lockfileVersion: '9.0'

settings:
  autoInstallPeers: true
  excludeLinksFromLockfile: false

importers:

  .:
    dependencies:
      '@garfish/bridge-vue-v3':
        specifier: 1.19.7
        version: 1.19.7(vue@3.6.0-beta.1(typescript@5.9.3))
      vue:
        specifier: 3.6.0-beta.1
        version: 3.6.0-beta.1(typescript@5.9.3)
    devDependencies:
      '@types/node':
        specifier: 24.10.4
        version: 24.10.4
      '@vitejs/plugin-vue':
        specifier: 6.0.3
        version: 6.0.3(vite@8.0.0-beta.5(@types/node@24.10.4))(vue@3.6.0-beta.1(typescript@5.9.3))
      process-envify:
        specifier: 2.0.0
        version: 2.0.0
      typescript:
        specifier: 5.9.3
        version: 5.9.3
      vite:
        specifier: 8.0.0-beta.5
        version: 8.0.0-beta.5(@types/node@24.10.4)
      vue-tsc:
        specifier: 3.2.1
        version: 3.2.1(typescript@5.9.3)

packages:

  '@babel/helper-string-parser@7.27.1':
    resolution: {integrity: sha512-qMlSxKbpRlAridDExk92nSobyDdpPijUq2DW6oDnUqd0iOGxmQjyqhMIihI9+zv4LPyZdRje2cavWPbCbWm3eA==}
    engines: {node: '>=6.9.0'}

  '@babel/helper-validator-identifier@7.28.5':
    resolution: {integrity: sha512-qSs4ifwzKJSV39ucNjsvc6WVHs6b7S03sOh2OcHF9UHfVPqWWALUsNUVzhSBiItjRZoLHx7nIarVjqKVusUZ1Q==}
    engines: {node: '>=6.9.0'}

  '@babel/parser@7.28.5':
    resolution: {integrity: sha512-KKBU1VGYR7ORr3At5HAtUQ+TV3SzRCXmA/8OdDZiLDBIZxVyzXuztPjfLd3BV1PRAQGCMWWSHYhL0F8d5uHBDQ==}
    engines: {node: '>=6.0.0'}
    hasBin: true

  '@babel/types@7.28.5':
    resolution: {integrity: sha512-qQ5m48eI/MFLQ5PxQj4PFaprjyCTLI37ElWMmNs0K8Lk3dVeOdNpB3ks8jc7yM5CDmVC73eMVk/trk3fgmrUpA==}
    engines: {node: '>=6.9.0'}

  '@emnapi/core@1.7.1':
    resolution: {integrity: sha512-o1uhUASyo921r2XtHYOHy7gdkGLge8ghBEQHMWmyJFoXlpU58kIrhhN3w26lpQb6dspetweapMn2CSNwQ8I4wg==}

  '@emnapi/runtime@1.7.1':
    resolution: {integrity: sha512-PVtJr5CmLwYAU9PZDMITZoR5iAOShYREoR45EyyLrbntV50mdePTgUn4AmOw90Ifcj+x2kRjdzr1HP3RrNiHGA==}

  '@emnapi/wasi-threads@1.1.0':
    resolution: {integrity: sha512-WI0DdZ8xFSbgMjR1sFsKABJ/C5OnRrjT06JXbZKexJGrDuPTzZdDYfFlsgcCXCyf+suG5QU2e/y1Wo2V/OapLQ==}

  '@garfish/bridge-vue-v3@1.19.7':
    resolution: {integrity: sha512-g9eK+kyR5S52iDM+zi8a5D2/0OwCHlE4r2S24M4tRlp0nOrKn4+14DYII3HMwoeZXyv19a4uTZVSKJ+Q3yLtdg==}
    peerDependencies:
      vue: '=3'

  '@jridgewell/sourcemap-codec@1.5.5':
    resolution: {integrity: sha512-cYQ9310grqxueWbl+WuIUIaiUaDcj7WOq5fVhEljNVgRfOUhY9fy2zTvfoqWsnebh8Sl70VScFbICvJnLKB0Og==}

  '@napi-rs/wasm-runtime@1.1.0':
    resolution: {integrity: sha512-Fq6DJW+Bb5jaWE69/qOE0D1TUN9+6uWhCeZpdnSBk14pjLcCWR7Q8n49PTSPHazM37JqrsdpEthXy2xn6jWWiA==}

  '@oxc-project/runtime@0.103.0':
    resolution: {integrity: sha512-sQKZo5lLS1/yzbsVlZ+zaQorOkLe3OkQjyyMN29tMvCax5e5Sa9uUYKChDDMR4D41n6ApEazMN2UcIwFdHgS7g==}
    engines: {node: ^20.19.0 || >=22.12.0}

  '@oxc-project/types@0.103.0':
    resolution: {integrity: sha512-bkiYX5kaXWwUessFRSoXFkGIQTmc6dLGdxuRTrC+h8PSnIdZyuXHHlLAeTmOue5Br/a0/a7dHH0Gca6eXn9MKg==}

  '@rolldown/binding-android-arm64@1.0.0-beta.57':
    resolution: {integrity: sha512-GoOVDy8bjw9z1K30Oo803nSzXJS/vWhFijFsW3kzvZCO8IZwFnNa6pGctmbbJstKl3Fv6UBwyjJQN6msejW0IQ==}
    engines: {node: ^20.19.0 || >=22.12.0}
    cpu: [arm64]
    os: [android]

  '@rolldown/binding-darwin-arm64@1.0.0-beta.57':
    resolution: {integrity: sha512-9c4FOhRGpl+PX7zBK5p17c5efpF9aSpTPgyigv57hXf5NjQUaJOOiejPLAtFiKNBIfm5Uu6yFkvLKzOafNvlTw==}
    engines: {node: ^20.19.0 || >=22.12.0}
    cpu: [arm64]
    os: [darwin]

  '@rolldown/binding-darwin-x64@1.0.0-beta.57':
    resolution: {integrity: sha512-6RsB8Qy4LnGqNGJJC/8uWeLWGOvbRL/KG5aJ8XXpSEupg/KQtlBEiFaYU/Ma5Usj1s+bt3ItkqZYAI50kSplBA==}
    engines: {node: ^20.19.0 || >=22.12.0}
    cpu: [x64]
    os: [darwin]

  '@rolldown/binding-freebsd-x64@1.0.0-beta.57':
    resolution: {integrity: sha512-uA9kG7+MYkHTbqwv67Tx+5GV5YcKd33HCJIi0311iYBd25yuwyIqvJfBdt1VVB8tdOlyTb9cPAgfCki8nhwTQg==}
    engines: {node: ^20.19.0 || >=22.12.0}
    cpu: [x64]
    os: [freebsd]

  '@rolldown/binding-linux-arm-gnueabihf@1.0.0-beta.57':
    resolution: {integrity: sha512-3KkS0cHsllT2T+Te+VZMKHNw6FPQihYsQh+8J4jkzwgvAQpbsbXmrqhkw3YU/QGRrD8qgcOvBr6z5y6Jid+rmw==}
    engines: {node: ^20.19.0 || >=22.12.0}
    cpu: [arm]
    os: [linux]

  '@rolldown/binding-linux-arm64-gnu@1.0.0-beta.57':
    resolution: {integrity: sha512-A3/wu1RgsHhqP3rVH2+sM81bpk+Qd2XaHTl8LtX5/1LNR7QVBFBCpAoiXwjTdGnI5cMdBVi7Z1pi52euW760Fw==}
    engines: {node: ^20.19.0 || >=22.12.0}
    cpu: [arm64]
    os: [linux]

  '@rolldown/binding-linux-arm64-musl@1.0.0-beta.57':
    resolution: {integrity: sha512-d0kIVezTQtazpyWjiJIn5to8JlwfKITDqwsFv0Xc6s31N16CD2PC/Pl2OtKgS7n8WLOJbfqgIp5ixYzTAxCqMg==}
    engines: {node: ^20.19.0 || >=22.12.0}
    cpu: [arm64]
    os: [linux]

  '@rolldown/binding-linux-x64-gnu@1.0.0-beta.57':
    resolution: {integrity: sha512-E199LPijo98yrLjPCmETx8EF43sZf9t3guSrLee/ej1rCCc3zDVTR4xFfN9BRAapGVl7/8hYqbbiQPTkv73kUg==}
    engines: {node: ^20.19.0 || >=22.12.0}
    cpu: [x64]
    os: [linux]

  '@rolldown/binding-linux-x64-musl@1.0.0-beta.57':
    resolution: {integrity: sha512-++EQDpk/UJ33kY/BNsh7A7/P1sr/jbMuQ8cE554ZIy+tCUWCivo9zfyjDUoiMdnxqX6HLJEqqGnbGQOvzm2OMQ==}
    engines: {node: ^20.19.0 || >=22.12.0}
    cpu: [x64]
    os: [linux]

  '@rolldown/binding-openharmony-arm64@1.0.0-beta.57':
    resolution: {integrity: sha512-voDEBcNqxbUv/GeXKFtxXVWA+H45P/8Dec4Ii/SbyJyGvCqV1j+nNHfnFUIiRQ2Q40DwPe/djvgYBs9PpETiMA==}
    engines: {node: ^20.19.0 || >=22.12.0}
    cpu: [arm64]
    os: [openharmony]

  '@rolldown/binding-wasm32-wasi@1.0.0-beta.57':
    resolution: {integrity: sha512-bRhcF7NLlCnpkzLVlVhrDEd0KH22VbTPkPTbMjlYvqhSmarxNIq5vtlQS8qmV7LkPKHrNLWyJW/V/sOyFba26Q==}
    engines: {node: '>=14.0.0'}
    cpu: [wasm32]

  '@rolldown/binding-win32-arm64-msvc@1.0.0-beta.57':
    resolution: {integrity: sha512-rnDVGRks2FQ2hgJ2g15pHtfxqkGFGjJQUDWzYznEkE8Ra2+Vag9OffxdbJMZqBWXHVM0iS4dv8qSiEn7bO+n1Q==}
    engines: {node: ^20.19.0 || >=22.12.0}
    cpu: [arm64]
    os: [win32]

  '@rolldown/binding-win32-x64-msvc@1.0.0-beta.57':
    resolution: {integrity: sha512-OqIUyNid1M4xTj6VRXp/Lht/qIP8fo25QyAZlCP+p6D2ATCEhyW4ZIFLnC9zAGN/HMbXoCzvwfa8Jjg/8J4YEg==}
    engines: {node: ^20.19.0 || >=22.12.0}
    cpu: [x64]
    os: [win32]

  '@rolldown/pluginutils@1.0.0-beta.53':
    resolution: {integrity: sha512-vENRlFU4YbrwVqNDZ7fLvy+JR1CRkyr01jhSiDpE1u6py3OMzQfztQU2jxykW3ALNxO4kSlqIDeYyD0Y9RcQeQ==}

  '@rolldown/pluginutils@1.0.0-beta.57':
    resolution: {integrity: sha512-aQNelgx14tGA+n2tNSa9x6/jeoCL9fkDeCei7nOKnHx0fEFRRMu5ReiITo+zZD5TzWDGGRjbSYCs93IfRIyTuQ==}

  '@tybys/wasm-util@0.10.1':
    resolution: {integrity: sha512-9tTaPJLSiejZKx+Bmog4uSubteqTvFrVrURwkmHixBo0G4seD0zUxp98E1DzUBJxLQ3NPwXrGKDiVjwx/DpPsg==}

  '@types/node@24.10.4':
    resolution: {integrity: sha512-vnDVpYPMzs4wunl27jHrfmwojOGKya0xyM3sH+UE5iv5uPS6vX7UIoh6m+vQc5LGBq52HBKPIn/zcSZVzeDEZg==}

  '@vitejs/plugin-vue@6.0.3':
    resolution: {integrity: sha512-TlGPkLFLVOY3T7fZrwdvKpjprR3s4fxRln0ORDo1VQ7HHyxJwTlrjKU3kpVWTlaAjIEuCTokmjkZnr8Tpc925w==}
    engines: {node: ^20.19.0 || >=22.12.0}
    peerDependencies:
      vite: ^5.0.0 || ^6.0.0 || ^7.0.0 || ^8.0.0-0
      vue: ^3.2.25

  '@volar/language-core@2.4.27':
    resolution: {integrity: sha512-DjmjBWZ4tJKxfNC1F6HyYERNHPYS7L7OPFyCrestykNdUZMFYzI9WTyvwPcaNaHlrEUwESHYsfEw3isInncZxQ==}

  '@volar/source-map@2.4.27':
    resolution: {integrity: sha512-ynlcBReMgOZj2i6po+qVswtDUeeBRCTgDurjMGShbm8WYZgJ0PA4RmtebBJ0BCYol1qPv3GQF6jK7C9qoVc7lg==}

  '@volar/typescript@2.4.27':
    resolution: {integrity: sha512-eWaYCcl/uAPInSK2Lze6IqVWaBu/itVqR5InXcHXFyles4zO++Mglt3oxdgj75BDcv1Knr9Y93nowS8U3wqhxg==}

  '@vue/compiler-core@3.5.26':
    resolution: {integrity: sha512-vXyI5GMfuoBCnv5ucIT7jhHKl55Y477yxP6fc4eUswjP8FG3FFVFd41eNDArR+Uk3QKn2Z85NavjaxLxOC19/w==}

  '@vue/compiler-core@3.6.0-beta.1':
    resolution: {integrity: sha512-Oiki36gKyoxc0pPnazo83coH6I4KTenCbhcMjALVo+vhz3cPVylo5Y5PyzX/u45IiMHc/25t492VB6CrFYKEgQ==}

  '@vue/compiler-dom@3.5.26':
    resolution: {integrity: sha512-y1Tcd3eXs834QjswshSilCBnKGeQjQXB6PqFn/1nxcQw4pmG42G8lwz+FZPAZAby6gZeHSt/8LMPfZ4Rb+Bd/A==}

  '@vue/compiler-dom@3.6.0-beta.1':
    resolution: {integrity: sha512-6fbQSyjk6tdJO6UOvOtVl1BHw3CuzKSeNRU84LXvlyqm4K1LWJwKaceu5RZyi8+cFusuxtArpH6dwx9cPbejAg==}

  '@vue/compiler-sfc@3.6.0-beta.1':
    resolution: {integrity: sha512-ntC1t5lbbbA5122ONOVQiQVXgDwJQ/xkB/KGUpP7e59An9m/I2CONRtAEB9wB6QQmMMP4ThoOuRH9+t2o6dqjQ==}

  '@vue/compiler-ssr@3.6.0-beta.1':
    resolution: {integrity: sha512-8hvHjcNPcKYto87/vRCxFFCp6FEg9HAA/oQHQ6DZQe70xnJguCPvYhh+e59HuywN4E68RBOIPC9IYTXenTaIWA==}

  '@vue/compiler-vapor@3.6.0-beta.1':
    resolution: {integrity: sha512-NW1FMqjag5fPVf8uK199gw5qFzPBNc4OghchSffS7D2UOs5QMzIpC4XevGA5DeGEuxhpuG9ckisGN2r9BsnTzQ==}

  '@vue/language-core@3.2.1':
    resolution: {integrity: sha512-g6oSenpnGMtpxHGAwKuu7HJJkNZpemK/zg3vZzZbJ6cnnXq1ssxuNrXSsAHYM3NvH8p4IkTw+NLmuxyeYz4r8A==}

  '@vue/reactivity@3.6.0-beta.1':
    resolution: {integrity: sha512-IbmZR0/UVlfRgDE8oVERx8pmYpG0CtE8CWfkdrnjnQckuCoImXCn7W9HiShzmmDNus371hGw6cXCctjQL7hkZw==}

  '@vue/runtime-core@3.6.0-beta.1':
    resolution: {integrity: sha512-UtZCF+rPSPsKQUTOwB3EHd2y8mY9lD6nr78Gt/fqwnSdxaXY0ksbhc1Q9BjHZPaDMpn8NKzQKlMXf/h1w8VMkg==}

  '@vue/runtime-dom@3.6.0-beta.1':
    resolution: {integrity: sha512-+vv8WwxSFzXzjXWvZ92q1ec13fp+RBtAiOTu7M5dWRLqsDEHuVnuzmPB5O+gmiNU0YViLEXP5c/+gDCP3y5yUw==}

  '@vue/runtime-vapor@3.6.0-beta.1':
    resolution: {integrity: sha512-XVethfYDcowADbaq1XVEq6BAqnpKgc/75WL5xjy2ChwEB9slMa7B2PBpGSGwvEKKsNyAapYQoa/af5fyogaSlw==}
    peerDependencies:
      '@vue/runtime-dom': 3.6.0-beta.1

  '@vue/server-renderer@3.6.0-beta.1':
    resolution: {integrity: sha512-MpjAiqP/4JTDMswoDSWyS1PCDzR9+ud2aRAOhvtlpnsuNFLwYbf8tNOiPd3x3gty8ghWYMyKCP4isQHNcPRmLA==}
    peerDependencies:
      vue: 3.6.0-beta.1

  '@vue/shared@3.5.26':
    resolution: {integrity: sha512-7Z6/y3uFI5PRoKeorTOSXKcDj0MSasfNNltcslbFrPpcw6aXRUALq4IfJlaTRspiWIUOEZbrpM+iQGmCOiWe4A==}

  '@vue/shared@3.6.0-beta.1':
    resolution: {integrity: sha512-M+JCCPvuXgRGkgRYQ9LISH8eJXlQgz862OBtO2n7Ef2cyz+DgLQTGfZoNzf3WbVnNUP9/5x7/O0P1ED42IDCCw==}

  alien-signals@3.1.2:
    resolution: {integrity: sha512-d9dYqZTS90WLiU0I5c6DHj/HcKkF8ZyGN3G5x8wSbslulz70KOxaqCT0hQCo9KOyhVqzqGojvNdJXoTumZOtcw==}

  csstype@3.2.3:
    resolution: {integrity: sha512-z1HGKcYy2xA8AGQfwrn0PAy+PB7X/GSj3UVJW9qKyn43xWa+gl5nXmU4qqLMRzWVLFC8KusUX8T/0kCiOYpAIQ==}

  detect-libc@2.1.2:
    resolution: {integrity: sha512-Btj2BOOO83o3WyH59e8MgXsxEQVcarkUOpEYrubB0urwnN10yQ364rsiByU11nZlqWYZm05i/of7io4mzihBtQ==}
    engines: {node: '>=8'}

  entities@7.0.0:
    resolution: {integrity: sha512-FDWG5cmEYf2Z00IkYRhbFrwIwvdFKH07uV8dvNy0omp/Qb1xcyCWp2UDtcwJF4QZZvk0sLudP6/hAu42TaqVhQ==}
    engines: {node: '>=0.12'}

  estree-walker@2.0.2:
    resolution: {integrity: sha512-Rfkk/Mp/DL7JVje3u18FxFujQlTNR2q6QfMSMB7AvCBx91NGj/ba3kCfza0f6dVDbw7YlRf/nDrn7pQrCCyQ/w==}

  fdir@6.5.0:
    resolution: {integrity: sha512-tIbYtZbucOs0BRGqPJkshJUYdL+SDH7dVM8gjy+ERp3WAUjLEFJE+02kanyHtwjWOnwrKYBiwAmM0p4kLJAnXg==}
    engines: {node: '>=12.0.0'}
    peerDependencies:
      picomatch: ^3 || ^4
    peerDependenciesMeta:
      picomatch:
        optional: true

  fsevents@2.3.3:
    resolution: {integrity: sha512-5xoDfX+fL7faATnagmWPpbFtwh/R77WmMMqqHGS65C3vvB0YHrgF+B1YmZ3441tMj5n63k0212XNoJwzlhffQw==}
    engines: {node: ^8.16.0 || ^10.6.0 || >=11.0.0}
    os: [darwin]

  lightningcss-android-arm64@1.30.2:
    resolution: {integrity: sha512-BH9sEdOCahSgmkVhBLeU7Hc9DWeZ1Eb6wNS6Da8igvUwAe0sqROHddIlvU06q3WyXVEOYDZ6ykBZQnjTbmo4+A==}
    engines: {node: '>= 12.0.0'}
    cpu: [arm64]
    os: [android]

  lightningcss-darwin-arm64@1.30.2:
    resolution: {integrity: sha512-ylTcDJBN3Hp21TdhRT5zBOIi73P6/W0qwvlFEk22fkdXchtNTOU4Qc37SkzV+EKYxLouZ6M4LG9NfZ1qkhhBWA==}
    engines: {node: '>= 12.0.0'}
    cpu: [arm64]
    os: [darwin]

  lightningcss-darwin-x64@1.30.2:
    resolution: {integrity: sha512-oBZgKchomuDYxr7ilwLcyms6BCyLn0z8J0+ZZmfpjwg9fRVZIR5/GMXd7r9RH94iDhld3UmSjBM6nXWM2TfZTQ==}
    engines: {node: '>= 12.0.0'}
    cpu: [x64]
    os: [darwin]

  lightningcss-freebsd-x64@1.30.2:
    resolution: {integrity: sha512-c2bH6xTrf4BDpK8MoGG4Bd6zAMZDAXS569UxCAGcA7IKbHNMlhGQ89eRmvpIUGfKWNVdbhSbkQaWhEoMGmGslA==}
    engines: {node: '>= 12.0.0'}
    cpu: [x64]
    os: [freebsd]

  lightningcss-linux-arm-gnueabihf@1.30.2:
    resolution: {integrity: sha512-eVdpxh4wYcm0PofJIZVuYuLiqBIakQ9uFZmipf6LF/HRj5Bgm0eb3qL/mr1smyXIS1twwOxNWndd8z0E374hiA==}
    engines: {node: '>= 12.0.0'}
    cpu: [arm]
    os: [linux]

  lightningcss-linux-arm64-gnu@1.30.2:
    resolution: {integrity: sha512-UK65WJAbwIJbiBFXpxrbTNArtfuznvxAJw4Q2ZGlU8kPeDIWEX1dg3rn2veBVUylA2Ezg89ktszWbaQnxD/e3A==}
    engines: {node: '>= 12.0.0'}
    cpu: [arm64]
    os: [linux]

  lightningcss-linux-arm64-musl@1.30.2:
    resolution: {integrity: sha512-5Vh9dGeblpTxWHpOx8iauV02popZDsCYMPIgiuw97OJ5uaDsL86cnqSFs5LZkG3ghHoX5isLgWzMs+eD1YzrnA==}
    engines: {node: '>= 12.0.0'}
    cpu: [arm64]
    os: [linux]

  lightningcss-linux-x64-gnu@1.30.2:
    resolution: {integrity: sha512-Cfd46gdmj1vQ+lR6VRTTadNHu6ALuw2pKR9lYq4FnhvgBc4zWY1EtZcAc6EffShbb1MFrIPfLDXD6Xprbnni4w==}
    engines: {node: '>= 12.0.0'}
    cpu: [x64]
    os: [linux]

  lightningcss-linux-x64-musl@1.30.2:
    resolution: {integrity: sha512-XJaLUUFXb6/QG2lGIW6aIk6jKdtjtcffUT0NKvIqhSBY3hh9Ch+1LCeH80dR9q9LBjG3ewbDjnumefsLsP6aiA==}
    engines: {node: '>= 12.0.0'}
    cpu: [x64]
    os: [linux]

  lightningcss-win32-arm64-msvc@1.30.2:
    resolution: {integrity: sha512-FZn+vaj7zLv//D/192WFFVA0RgHawIcHqLX9xuWiQt7P0PtdFEVaxgF9rjM/IRYHQXNnk61/H/gb2Ei+kUQ4xQ==}
    engines: {node: '>= 12.0.0'}
    cpu: [arm64]
    os: [win32]

  lightningcss-win32-x64-msvc@1.30.2:
    resolution: {integrity: sha512-5g1yc73p+iAkid5phb4oVFMB45417DkRevRbt/El/gKXJk4jid+vPFF/AXbxn05Aky8PapwzZrdJShv5C0avjw==}
    engines: {node: '>= 12.0.0'}
    cpu: [x64]
    os: [win32]

  lightningcss@1.30.2:
    resolution: {integrity: sha512-utfs7Pr5uJyyvDETitgsaqSyjCb2qNRAtuqUeWIAKztsOYdcACf2KtARYXg2pSvhkt+9NfoaNY7fxjl6nuMjIQ==}
    engines: {node: '>= 12.0.0'}

  magic-string@0.30.21:
    resolution: {integrity: sha512-vd2F4YUyEXKGcLHoq+TEyCjxueSeHnFxyyjNp80yg0XV4vUhnDer/lvvlqM/arB5bXQN5K2/3oinyCRyx8T2CQ==}

  muggle-string@0.4.1:
    resolution: {integrity: sha512-VNTrAak/KhO2i8dqqnqnAHOa3cYBwXEZe9h+D5h/1ZqFSTEFHdM65lR7RoIqq3tBBYavsOXV84NoHXZ0AkPyqQ==}

  nanoid@3.3.11:
    resolution: {integrity: sha512-N8SpfPUnUp1bK+PMYW8qSWdl9U+wwNWI4QKxOYDy9JAro3WMX7p2OeVRF9v+347pnakNevPmiHhNmZ2HbFA76w==}
    engines: {node: ^10 || ^12 || ^13.7 || ^14 || >=15.0.1}
    hasBin: true

  path-browserify@1.0.1:
    resolution: {integrity: sha512-b7uo2UCUOYZcnF/3ID0lulOJi/bafxa1xPe7ZPsammBSpjSWQkjNxlt635YGS2MiR9GjvuXCtz2emr3jbsz98g==}

  picocolors@1.1.1:
    resolution: {integrity: sha512-xceH2snhtb5M9liqDsmEw56le376mTZkEX/jEb/RxNFyegNul7eNslCXP9FDj/Lcu0X8KEyMceP2ntpaHrDEVA==}

  picomatch@4.0.3:
    resolution: {integrity: sha512-5gTmgEY/sqK6gFXLIsQNH19lWb4ebPDLA4SdLP7dsWkIXHWlG66oPuVvXSGFPppYZz8ZDZq0dYYrbHfBCVUb1Q==}
    engines: {node: '>=12'}

  postcss@8.5.6:
    resolution: {integrity: sha512-3Ybi1tAuwAP9s0r1UQ2J4n5Y0G05bJkpUIO0/bI9MhwmD70S5aTWbXGBwxHrelT+XM1k6dM0pk+SwNkpTRN7Pg==}
    engines: {node: ^10 || ^12 || >=14}

  process-envify@2.0.0:
    resolution: {integrity: sha512-bxlWH2iGWrlYvQSN8U3awIp0MUzZUXpHGFW2vpe4f/0F2MNOGsT10H/ILQXcTwfUpnfAFsUb7/ozwpoHMPuEVg==}

  rolldown@1.0.0-beta.57:
    resolution: {integrity: sha512-lMMxcNN71GMsSko8RyeTaFoATHkCh4IWU7pYF73ziMYjhHZWfVesC6GQ+iaJCvZmVjvgSks9Ks1aaqEkBd8udg==}
    engines: {node: ^20.19.0 || >=22.12.0}
    hasBin: true

  source-map-js@1.2.1:
    resolution: {integrity: sha512-UXWMKhLOwVKb728IUtQPXxfYU+usdybtUrK/8uGE8CQMvrhOpwvzDBwj0QhSL7MQc7vIsISBG8VQ8+IDQxpfQA==}
    engines: {node: '>=0.10.0'}

  tinyglobby@0.2.15:
    resolution: {integrity: sha512-j2Zq4NyQYG5XMST4cbs02Ak8iJUdxRM0XI5QyxXuZOzKOINmWurp3smXu3y5wDcJrptwpSjgXHzIQxR0omXljQ==}
    engines: {node: '>=12.0.0'}

  tslib@2.8.1:
    resolution: {integrity: sha512-oJFu94HQb+KVduSUQL7wnpmqnfmLsOA/nAh6b6EH0wCEoK0/mPeXU6c3wKDV83MkOuHPRHtSXKKU99IBazS/2w==}

  typescript@5.9.3:
    resolution: {integrity: sha512-jl1vZzPDinLr9eUt3J/t7V6FgNEw9QjvBPdysz9KfQDD41fQrC2Y4vKQdiaUpFT4bXlb1RHhLpp8wtm6M5TgSw==}
    engines: {node: '>=14.17'}
    hasBin: true

  undici-types@7.16.0:
    resolution: {integrity: sha512-Zz+aZWSj8LE6zoxD+xrjh4VfkIG8Ya6LvYkZqtUQGJPZjYl53ypCaUwWqo7eI0x66KBGeRo+mlBEkMSeSZ38Nw==}

  vite@8.0.0-beta.5:
    resolution: {integrity: sha512-wgvJ+rdGKggZ1m0KnSYF4mEdEEaAAUWKiHe9IDl8oagjUkyrD2CdgSoxiJdpLNNzCKIZdHsAi2xMRRwrCEd4AQ==}
    engines: {node: ^20.19.0 || >=22.12.0}
    hasBin: true
    peerDependencies:
      '@types/node': ^20.19.0 || >=22.12.0
      esbuild: ^0.25.0
      jiti: '>=1.21.0'
      less: ^4.0.0
      sass: ^1.70.0
      sass-embedded: ^1.70.0
      stylus: '>=0.54.8'
      sugarss: ^5.0.0
      terser: ^5.16.0
      tsx: ^4.8.1
      yaml: ^2.4.2
    peerDependenciesMeta:
      '@types/node':
        optional: true
      esbuild:
        optional: true
      jiti:
        optional: true
      less:
        optional: true
      sass:
        optional: true
      sass-embedded:
        optional: true
      stylus:
        optional: true
      sugarss:
        optional: true
      terser:
        optional: true
      tsx:
        optional: true
      yaml:
        optional: true

  vscode-uri@3.1.0:
    resolution: {integrity: sha512-/BpdSx+yCQGnCvecbyXdxHDkuk55/G3xwnC0GqY4gmQ3j+A+g8kzzgB4Nk/SINjqn6+waqw3EgbVF2QKExkRxQ==}

  vue-tsc@3.2.1:
    resolution: {integrity: sha512-I23Rk8dkQfmcSbxDO0dmg9ioMLjKA1pjlU3Lz6Jfk2pMGu3Uryu9810XkcZH24IzPbhzPCnkKo2rEMRX0skSrw==}
    hasBin: true
    peerDependencies:
      typescript: '>=5.0.0'

  vue@3.6.0-beta.1:
    resolution: {integrity: sha512-z2VKatkexJ9XZ/eYbUUQaitaYC1MpTtE+7zESy7bBvfcExlF5ubBmCB001I6GznEw4vRR1WMZbDqT482QJEJHw==}
    peerDependencies:
      typescript: '*'
    peerDependenciesMeta:
      typescript:
        optional: true

snapshots:

  '@babel/helper-string-parser@7.27.1': {}

  '@babel/helper-validator-identifier@7.28.5': {}

  '@babel/parser@7.28.5':
    dependencies:
      '@babel/types': 7.28.5

  '@babel/types@7.28.5':
    dependencies:
      '@babel/helper-string-parser': 7.27.1
      '@babel/helper-validator-identifier': 7.28.5

  '@emnapi/core@1.7.1':
    dependencies:
      '@emnapi/wasi-threads': 1.1.0
      tslib: 2.8.1
    optional: true

  '@emnapi/runtime@1.7.1':
    dependencies:
      tslib: 2.8.1
    optional: true

  '@emnapi/wasi-threads@1.1.0':
    dependencies:
      tslib: 2.8.1
    optional: true

  '@garfish/bridge-vue-v3@1.19.7(vue@3.6.0-beta.1(typescript@5.9.3))':
    dependencies:
      vue: 3.6.0-beta.1(typescript@5.9.3)

  '@jridgewell/sourcemap-codec@1.5.5': {}

  '@napi-rs/wasm-runtime@1.1.0':
    dependencies:
      '@emnapi/core': 1.7.1
      '@emnapi/runtime': 1.7.1
      '@tybys/wasm-util': 0.10.1
    optional: true

  '@oxc-project/runtime@0.103.0': {}

  '@oxc-project/types@0.103.0': {}

  '@rolldown/binding-android-arm64@1.0.0-beta.57':
    optional: true

  '@rolldown/binding-darwin-arm64@1.0.0-beta.57':
    optional: true

  '@rolldown/binding-darwin-x64@1.0.0-beta.57':
    optional: true

  '@rolldown/binding-freebsd-x64@1.0.0-beta.57':
    optional: true

  '@rolldown/binding-linux-arm-gnueabihf@1.0.0-beta.57':
    optional: true

  '@rolldown/binding-linux-arm64-gnu@1.0.0-beta.57':
    optional: true

  '@rolldown/binding-linux-arm64-musl@1.0.0-beta.57':
    optional: true

  '@rolldown/binding-linux-x64-gnu@1.0.0-beta.57':
    optional: true

  '@rolldown/binding-linux-x64-musl@1.0.0-beta.57':
    optional: true

  '@rolldown/binding-openharmony-arm64@1.0.0-beta.57':
    optional: true

  '@rolldown/binding-wasm32-wasi@1.0.0-beta.57':
    dependencies:
      '@napi-rs/wasm-runtime': 1.1.0
    optional: true

  '@rolldown/binding-win32-arm64-msvc@1.0.0-beta.57':
    optional: true

  '@rolldown/binding-win32-x64-msvc@1.0.0-beta.57':
    optional: true

  '@rolldown/pluginutils@1.0.0-beta.53': {}

  '@rolldown/pluginutils@1.0.0-beta.57': {}

  '@tybys/wasm-util@0.10.1':
    dependencies:
      tslib: 2.8.1
    optional: true

  '@types/node@24.10.4':
    dependencies:
      undici-types: 7.16.0

  '@vitejs/plugin-vue@6.0.3(vite@8.0.0-beta.5(@types/node@24.10.4))(vue@3.6.0-beta.1(typescript@5.9.3))':
    dependencies:
      '@rolldown/pluginutils': 1.0.0-beta.53
      vite: 8.0.0-beta.5(@types/node@24.10.4)
      vue: 3.6.0-beta.1(typescript@5.9.3)

  '@volar/language-core@2.4.27':
    dependencies:
      '@volar/source-map': 2.4.27

  '@volar/source-map@2.4.27': {}

  '@volar/typescript@2.4.27':
    dependencies:
      '@volar/language-core': 2.4.27
      path-browserify: 1.0.1
      vscode-uri: 3.1.0

  '@vue/compiler-core@3.5.26':
    dependencies:
      '@babel/parser': 7.28.5
      '@vue/shared': 3.5.26
      entities: 7.0.0
      estree-walker: 2.0.2
      source-map-js: 1.2.1

  '@vue/compiler-core@3.6.0-beta.1':
    dependencies:
      '@babel/parser': 7.28.5
      '@vue/shared': 3.6.0-beta.1
      entities: 7.0.0
      estree-walker: 2.0.2
      source-map-js: 1.2.1

  '@vue/compiler-dom@3.5.26':
    dependencies:
      '@vue/compiler-core': 3.5.26
      '@vue/shared': 3.5.26

  '@vue/compiler-dom@3.6.0-beta.1':
    dependencies:
      '@vue/compiler-core': 3.6.0-beta.1
      '@vue/shared': 3.6.0-beta.1

  '@vue/compiler-sfc@3.6.0-beta.1':
    dependencies:
      '@babel/parser': 7.28.5
      '@vue/compiler-core': 3.6.0-beta.1
      '@vue/compiler-dom': 3.6.0-beta.1
      '@vue/compiler-ssr': 3.6.0-beta.1
      '@vue/compiler-vapor': 3.6.0-beta.1
      '@vue/shared': 3.6.0-beta.1
      estree-walker: 2.0.2
      magic-string: 0.30.21
      postcss: 8.5.6
      source-map-js: 1.2.1

  '@vue/compiler-ssr@3.6.0-beta.1':
    dependencies:
      '@vue/compiler-dom': 3.6.0-beta.1
      '@vue/shared': 3.6.0-beta.1

  '@vue/compiler-vapor@3.6.0-beta.1':
    dependencies:
      '@babel/parser': 7.28.5
      '@vue/compiler-dom': 3.6.0-beta.1
      '@vue/shared': 3.6.0-beta.1
      estree-walker: 2.0.2
      source-map-js: 1.2.1

  '@vue/language-core@3.2.1':
    dependencies:
      '@volar/language-core': 2.4.27
      '@vue/compiler-dom': 3.5.26
      '@vue/shared': 3.5.26
      alien-signals: 3.1.2
      muggle-string: 0.4.1
      path-browserify: 1.0.1
      picomatch: 4.0.3

  '@vue/reactivity@3.6.0-beta.1':
    dependencies:
      '@vue/shared': 3.6.0-beta.1

  '@vue/runtime-core@3.6.0-beta.1':
    dependencies:
      '@vue/reactivity': 3.6.0-beta.1
      '@vue/shared': 3.6.0-beta.1

  '@vue/runtime-dom@3.6.0-beta.1':
    dependencies:
      '@vue/reactivity': 3.6.0-beta.1
      '@vue/runtime-core': 3.6.0-beta.1
      '@vue/shared': 3.6.0-beta.1
      csstype: 3.2.3

  '@vue/runtime-vapor@3.6.0-beta.1(@vue/runtime-dom@3.6.0-beta.1)':
    dependencies:
      '@vue/reactivity': 3.6.0-beta.1
      '@vue/runtime-dom': 3.6.0-beta.1
      '@vue/shared': 3.6.0-beta.1

  '@vue/server-renderer@3.6.0-beta.1(vue@3.6.0-beta.1(typescript@5.9.3))':
    dependencies:
      '@vue/compiler-ssr': 3.6.0-beta.1
      '@vue/shared': 3.6.0-beta.1
      vue: 3.6.0-beta.1(typescript@5.9.3)

  '@vue/shared@3.5.26': {}

  '@vue/shared@3.6.0-beta.1': {}

  alien-signals@3.1.2: {}

  csstype@3.2.3: {}

  detect-libc@2.1.2: {}

  entities@7.0.0: {}

  estree-walker@2.0.2: {}

  fdir@6.5.0(picomatch@4.0.3):
    optionalDependencies:
      picomatch: 4.0.3

  fsevents@2.3.3:
    optional: true

  lightningcss-android-arm64@1.30.2:
    optional: true

  lightningcss-darwin-arm64@1.30.2:
    optional: true

  lightningcss-darwin-x64@1.30.2:
    optional: true

  lightningcss-freebsd-x64@1.30.2:
    optional: true

  lightningcss-linux-arm-gnueabihf@1.30.2:
    optional: true

  lightningcss-linux-arm64-gnu@1.30.2:
    optional: true

  lightningcss-linux-arm64-musl@1.30.2:
    optional: true

  lightningcss-linux-x64-gnu@1.30.2:
    optional: true

  lightningcss-linux-x64-musl@1.30.2:
    optional: true

  lightningcss-win32-arm64-msvc@1.30.2:
    optional: true

  lightningcss-win32-x64-msvc@1.30.2:
    optional: true

  lightningcss@1.30.2:
    dependencies:
      detect-libc: 2.1.2
    optionalDependencies:
      lightningcss-android-arm64: 1.30.2
      lightningcss-darwin-arm64: 1.30.2
      lightningcss-darwin-x64: 1.30.2
      lightningcss-freebsd-x64: 1.30.2
      lightningcss-linux-arm-gnueabihf: 1.30.2
      lightningcss-linux-arm64-gnu: 1.30.2
      lightningcss-linux-arm64-musl: 1.30.2
      lightningcss-linux-x64-gnu: 1.30.2
      lightningcss-linux-x64-musl: 1.30.2
      lightningcss-win32-arm64-msvc: 1.30.2
      lightningcss-win32-x64-msvc: 1.30.2

  magic-string@0.30.21:
    dependencies:
      '@jridgewell/sourcemap-codec': 1.5.5

  muggle-string@0.4.1: {}

  nanoid@3.3.11: {}

  path-browserify@1.0.1: {}

  picocolors@1.1.1: {}

  picomatch@4.0.3: {}

  postcss@8.5.6:
    dependencies:
      nanoid: 3.3.11
      picocolors: 1.1.1
      source-map-js: 1.2.1

  process-envify@2.0.0: {}

  rolldown@1.0.0-beta.57:
    dependencies:
      '@oxc-project/types': 0.103.0
      '@rolldown/pluginutils': 1.0.0-beta.57
    optionalDependencies:
      '@rolldown/binding-android-arm64': 1.0.0-beta.57
      '@rolldown/binding-darwin-arm64': 1.0.0-beta.57
      '@rolldown/binding-darwin-x64': 1.0.0-beta.57
      '@rolldown/binding-freebsd-x64': 1.0.0-beta.57
      '@rolldown/binding-linux-arm-gnueabihf': 1.0.0-beta.57
      '@rolldown/binding-linux-arm64-gnu': 1.0.0-beta.57
      '@rolldown/binding-linux-arm64-musl': 1.0.0-beta.57
      '@rolldown/binding-linux-x64-gnu': 1.0.0-beta.57
      '@rolldown/binding-linux-x64-musl': 1.0.0-beta.57
      '@rolldown/binding-openharmony-arm64': 1.0.0-beta.57
      '@rolldown/binding-wasm32-wasi': 1.0.0-beta.57
      '@rolldown/binding-win32-arm64-msvc': 1.0.0-beta.57
      '@rolldown/binding-win32-x64-msvc': 1.0.0-beta.57

  source-map-js@1.2.1: {}

  tinyglobby@0.2.15:
    dependencies:
      fdir: 6.5.0(picomatch@4.0.3)
      picomatch: 4.0.3

  tslib@2.8.1:
    optional: true

  typescript@5.9.3: {}

  undici-types@7.16.0: {}

  vite@8.0.0-beta.5(@types/node@24.10.4):
    dependencies:
      '@oxc-project/runtime': 0.103.0
      fdir: 6.5.0(picomatch@4.0.3)
      lightningcss: 1.30.2
      picomatch: 4.0.3
      postcss: 8.5.6
      rolldown: 1.0.0-beta.57
      tinyglobby: 0.2.15
    optionalDependencies:
      '@types/node': 24.10.4
      fsevents: 2.3.3

  vscode-uri@3.1.0: {}

  vue-tsc@3.2.1(typescript@5.9.3):
    dependencies:
      '@volar/typescript': 2.4.27
      '@vue/language-core': 3.2.1
      typescript: 5.9.3

  vue@3.6.0-beta.1(typescript@5.9.3):
    dependencies:
      '@vue/compiler-dom': 3.6.0-beta.1
      '@vue/compiler-sfc': 3.6.0-beta.1
      '@vue/runtime-dom': 3.6.0-beta.1
      '@vue/runtime-vapor': 3.6.0-beta.1(@vue/runtime-dom@3.6.0-beta.1)
      '@vue/server-renderer': 3.6.0-beta.1(vue@3.6.0-beta.1(typescript@5.9.3))
      '@vue/shared': 3.6.0-beta.1
    optionalDependencies:
      typescript: 5.9.3
