lockfileVersion: '6.0'

settings:
  autoInstallPeers: true
  excludeLinksFromLockfile: false

dependencies:
  '@pulumi/kubernetes':
    specifier: ^2.0.0
    version: 2.7.7
  '@pulumi/pulumi':
    specifier: ^2.0.0
    version: 2.18.2

devDependencies:
  '@types/node':
    specifier: ^10.0.0
    version: 10.17.51

packages:

  /@grpc/grpc-js@0.6.18:
    resolution: {integrity: sha512-uAzv/tM8qpbf1vpx1xPMfcUMzbfdqJtdCYAqY/LsLeQQlnTb4vApylojr+wlCyr7bZeg3AFfHvtihnNOQQt/nA==}
    engines: {node: ^8.13.0 || >=10.10.0}
    dependencies:
      semver: 6.3.0
    dev: false

  /@protobufjs/aspromise@1.1.2:
    resolution: {integrity: sha1-m4sMxmPWaafY9vXQiToU00jzD78=}
    dev: false

  /@protobufjs/base64@1.1.2:
    resolution: {integrity: sha512-AZkcAA5vnN/v4PDqKyMR5lx7hZttPDgClv83E//FMNhR2TMcLUhfRUBHCmSl0oi9zMgDDqRUJkSxO3wm85+XLg==}
    dev: false

  /@protobufjs/codegen@2.0.4:
    resolution: {integrity: sha512-YyFaikqM5sH0ziFZCN3xDC7zeGaB/d0IUb9CATugHWbd1FRFwWwt4ld4OYMPWu5a3Xe01mGAULCdqhMlPl29Jg==}
    dev: false

  /@protobufjs/eventemitter@1.1.0:
    resolution: {integrity: sha1-NVy8mLr61ZePntCV85diHx0Ga3A=}
    dev: false

  /@protobufjs/fetch@1.1.0:
    resolution: {integrity: sha1-upn7WYYUr2VwDBYZ/wbUVLDYTEU=}
    dependencies:
      '@protobufjs/aspromise': 1.1.2
      '@protobufjs/inquire': 1.1.0
    dev: false

  /@protobufjs/float@1.0.2:
    resolution: {integrity: sha1-Xp4avctz/Ap8uLKR33jIy9l7h9E=}
    dev: false

  /@protobufjs/inquire@1.1.0:
    resolution: {integrity: sha1-/yAOPnzyQp4tyvwRQIKOjMY48Ik=}
    dev: false

  /@protobufjs/path@1.1.2:
    resolution: {integrity: sha1-bMKyDFya1q0NzP0hynZz2Nf79o0=}
    dev: false

  /@protobufjs/pool@1.1.0:
    resolution: {integrity: sha1-Cf0V8tbTq/qbZbw2ZQbWrXhG/1Q=}
    dev: false

  /@protobufjs/utf8@1.1.0:
    resolution: {integrity: sha1-p3c2C1s5oaLlEG+OhY8v0tBgxXA=}
    dev: false

  /@pulumi/kubernetes@2.7.7:
    resolution: {integrity: sha512-wi1qHiSX0z3tc2mdLY6TPH/EZ8I1+CNM0jXLHiwOj1ukx3FOqOLLWItuN6mnuBL2BRP1dWud1N9jEiOb8SpD0Q==}
    requiresBuild: true
    dependencies:
      '@pulumi/pulumi': 2.18.2
      '@types/glob': 5.0.36
      '@types/node-fetch': 2.5.8
      '@types/tmp': 0.0.33
      glob: 7.1.6
      node-fetch: 2.6.12
      shell-quote: 1.7.2
      tmp: 0.0.33
    transitivePeerDependencies:
      - encoding
    dev: false

  /@pulumi/pulumi@2.18.2:
    resolution: {integrity: sha512-t4b7AfH3c5aJcU3G4vUU6IeGilSkxjr2zurpW0SOgMxisYpNZ0x40kridJpApZ2sKLPYWLPy2U0zfBXRvY5t/A==}
    engines: {node: '>=8.13.0 || >=10.10.0'}
    dependencies:
      '@grpc/grpc-js': 0.6.18
      '@pulumi/query': 0.3.0
      google-protobuf: 3.14.0
      js-yaml: 3.14.1
      minimist: 1.2.5
      normalize-package-data: 2.5.0
      protobufjs: 6.10.2
      read-package-tree: 5.3.1
      require-from-string: 2.0.2
      semver: 6.3.0
      source-map-support: 0.4.18
      ts-node: 7.0.1
      typescript: 3.7.5
      upath: 1.2.0
    dev: false

  /@pulumi/query@0.3.0:
    resolution: {integrity: sha512-xfo+yLRM2zVjVEA4p23IjQWzyWl1ZhWOGobsBqRpIarzLvwNH/RAGaoehdxlhx4X92302DrpdIFgTICMN4P38w==}
    dev: false

  /@types/events@3.0.0:
    resolution: {integrity: sha512-EaObqwIvayI5a8dCzhFrjKzVwKLxjoG9T6Ppd5CEo07LRKfQ8Yokw54r5+Wq7FaBQ+yXRvQAYPrHwya1/UFt9g==}
    dev: false

  /@types/glob@5.0.36:
    resolution: {integrity: sha512-KEzSKuP2+3oOjYYjujue6Z3Yqis5HKA1BsIC+jZ1v3lrRNdsqyNNtX0rQf6LSuI4DJJ2z5UV//zBZCcvM0xikg==}
    dependencies:
      '@types/events': 3.0.0
      '@types/minimatch': 3.0.3
      '@types/node': 10.17.51
    dev: false

  /@types/long@4.0.1:
    resolution: {integrity: sha512-5tXH6Bx/kNGd3MgffdmP4dy2Z+G4eaXw0SE81Tq3BNadtnMR5/ySMzX4SLEzHJzSmPNn4HIdpQsBvXMUykr58w==}
    dev: false

  /@types/minimatch@3.0.3:
    resolution: {integrity: sha512-tHq6qdbT9U1IRSGf14CL0pUlULksvY9OZ+5eEgl1N7t+OA3tGvNpxJCzuKQlsNgCVwbAs670L1vcVQi8j9HjnA==}
    dev: false

  /@types/node-fetch@2.5.8:
    resolution: {integrity: sha512-fbjI6ja0N5ZA8TV53RUqzsKNkl9fv8Oj3T7zxW7FGv1GSH7gwJaNF8dzCjrqKaxKeUpTz4yT1DaJFq/omNpGfw==}
    dependencies:
      '@types/node': 10.17.51
      form-data: 3.0.0
    dev: false

  /@types/node@10.17.51:
    resolution: {integrity: sha512-KANw+MkL626tq90l++hGelbl67irOJzGhUJk6a1Bt8QHOeh9tztJx+L0AqttraWKinmZn7Qi5lJZJzx45Gq0dg==}

  /@types/node@13.13.40:
    resolution: {integrity: sha512-eKaRo87lu1yAXrzEJl0zcJxfUMDT5/mZalFyOkT44rnQps41eS2pfWzbaulSPpQLFNy29bFqn+Y5lOTL8ATlEQ==}
    dev: false

  /@types/tmp@0.0.33:
    resolution: {integrity: sha1-EHPEvIJHVK49EM+riKsCN7qWTk0=}
    dev: false

  /argparse@1.0.10:
    resolution: {integrity: sha512-o5Roy6tNG4SL/FOkCAN6RzjiakZS25RLYFrcMttJqbdd8BWrnA+fGz57iN5Pb06pvBGvl5gQ0B48dJlslXvoTg==}
    dependencies:
      sprintf-js: 1.0.3
    dev: false

  /arrify@1.0.1:
    resolution: {integrity: sha1-iYUI2iIm84DfkEcoRWhJwVAaSw0=}
    engines: {node: '>=0.10.0'}
    dev: false

  /asap@2.0.6:
    resolution: {integrity: sha1-5QNHYR1+aQlDIIu9r+vLwvuGbUY=}
    dev: false

  /asynckit@0.4.0:
    resolution: {integrity: sha1-x57Zf380y48robyXkLzDZkdLS3k=}
    dev: false

  /balanced-match@1.0.0:
    resolution: {integrity: sha1-ibTRmasr7kneFk6gK4nORi1xt2c=}
    dev: false

  /brace-expansion@1.1.11:
    resolution: {integrity: sha512-iCuPHDFgrHX7H2vEI/5xpz07zSHB00TpugqhmYtVmMO6518mCuRMoOYFldEBl0g187ufozdaHgWKcYFb61qGiA==}
    dependencies:
      balanced-match: 1.0.0
      concat-map: 0.0.1
    dev: false

  /buffer-from@1.1.1:
    resolution: {integrity: sha512-MQcXEUbCKtEo7bhqEs6560Hyd4XaovZlO/k9V3hjVUF/zwW7KBVdSK4gIt/bzwS9MbR5qob+F5jusZsb0YQK2A==}
    dev: false

  /call-bind@1.0.2:
    resolution: {integrity: sha512-7O+FbCihrB5WGbFYesctwmTKae6rOiIzmz1icreWJ+0aA7LJfuqhEso2T9ncpcFtzMQtzXf2QGGueWJGTYsqrA==}
    dependencies:
      function-bind: 1.1.1
      get-intrinsic: 1.1.0
    dev: false

  /combined-stream@1.0.8:
    resolution: {integrity: sha512-FQN4MRfuJeHf7cBbBMJFXhKSDq+2kAArBlmRBvcvFE5BB1HZKXtSFASDhdlz9zOYwxh8lDdnvmMOe/+5cdoEdg==}
    engines: {node: '>= 0.8'}
    dependencies:
      delayed-stream: 1.0.0
    dev: false

  /concat-map@0.0.1:
    resolution: {integrity: sha1-2Klr13/Wjfd5OnMDajug1UBdR3s=}
    dev: false

  /debuglog@1.0.1:
    resolution: {integrity: sha1-qiT/uaw9+aI1GDfPstJ5NgzXhJI=}
    dev: false

  /define-properties@1.1.3:
    resolution: {integrity: sha512-3MqfYKj2lLzdMSf8ZIZE/V+Zuy+BgD6f164e8K2w7dgnpKArBDerGYpM46IYYcjnkdPNMjPk9A6VFB8+3SKlXQ==}
    engines: {node: '>= 0.4'}
    dependencies:
      object-keys: 1.1.1
    dev: false

  /delayed-stream@1.0.0:
    resolution: {integrity: sha1-3zrhmayt+31ECqrgsp4icrJOxhk=}
    engines: {node: '>=0.4.0'}
    dev: false

  /dezalgo@1.0.3:
    resolution: {integrity: sha1-f3Qt4Gb8dIvI24IFad3c5Jvw1FY=}
    dependencies:
      asap: 2.0.6
      wrappy: 1.0.2
    dev: false

  /diff@3.5.0:
    resolution: {integrity: sha512-A46qtFgd+g7pDZinpnwiRJtxbC1hpgf0uzP3iG89scHk0AUC7A1TGxf5OiiOUv/JMZR8GOt8hL900hV0bOy5xA==}
    engines: {node: '>=0.3.1'}
    dev: false

  /es-abstract@1.18.0-next.2:
    resolution: {integrity: sha512-Ih4ZMFHEtZupnUh6497zEL4y2+w8+1ljnCyaTa+adcoafI1GOvMwFlDjBLfWR7y9VLfrjRJe9ocuHY1PSR9jjw==}
    engines: {node: '>= 0.4'}
    dependencies:
      call-bind: 1.0.2
      es-to-primitive: 1.2.1
      function-bind: 1.1.1
      get-intrinsic: 1.1.0
      has: 1.0.3
      has-symbols: 1.0.1
      is-callable: 1.2.2
      is-negative-zero: 2.0.1
      is-regex: 1.1.1
      object-inspect: 1.9.0
      object-keys: 1.1.1
      object.assign: 4.1.2
      string.prototype.trimend: 1.0.3
      string.prototype.trimstart: 1.0.3
    dev: false

  /es-to-primitive@1.2.1:
    resolution: {integrity: sha512-QCOllgZJtaUo9miYBcLChTUaHNjJF3PYs1VidD7AwiEj1kYxKeQTctLAezAOH5ZKRH0g2IgPn6KwB4IT8iRpvA==}
    engines: {node: '>= 0.4'}
    dependencies:
      is-callable: 1.2.2
      is-date-object: 1.0.2
      is-symbol: 1.0.3
    dev: false

  /esprima@4.0.1:
    resolution: {integrity: sha512-eGuFFw7Upda+g4p+QHvnW0RyTX/SVeJBDM/gCtMARO0cLuT2HcEKnTPvhjV6aGeqrCB/sbNop0Kszm0jsaWU4A==}
    engines: {node: '>=4'}
    hasBin: true
    dev: false

  /form-data@3.0.0:
    resolution: {integrity: sha512-CKMFDglpbMi6PyN+brwB9Q/GOw0eAnsrEZDgcsH5Krhz5Od/haKHAX0NmQfha2zPPz0JpWzA7GJHGSnvCRLWsg==}
    engines: {node: '>= 6'}
    dependencies:
      asynckit: 0.4.0
      combined-stream: 1.0.8
      mime-types: 2.1.28
    dev: false

  /fs.realpath@1.0.0:
    resolution: {integrity: sha1-FQStJSMVjKpA20onh8sBQRmU6k8=}
    dev: false

  /function-bind@1.1.1:
    resolution: {integrity: sha512-yIovAzMX49sF8Yl58fSCWJ5svSLuaibPxXQJFLmBObTuCr0Mf1KiPopGM9NiFjiYBCbfaa2Fh6breQ6ANVTI0A==}
    dev: false

  /get-intrinsic@1.1.0:
    resolution: {integrity: sha512-M11rgtQp5GZMZzDL7jLTNxbDfurpzuau5uqRWDPvlHjfvg3TdScAZo96GLvhMjImrmR8uAt0FS2RLoMrfWGKlg==}
    dependencies:
      function-bind: 1.1.1
      has: 1.0.3
      has-symbols: 1.0.1
    dev: false

  /glob@7.1.6:
    resolution: {integrity: sha512-LwaxwyZ72Lk7vZINtNNrywX0ZuLyStrdDtabefZKAY5ZGJhVtgdznluResxNmPitE0SAO+O26sWTHeKSI2wMBA==}
    dependencies:
      fs.realpath: 1.0.0
      inflight: 1.0.6
      inherits: 2.0.4
      minimatch: 3.0.4
      once: 1.4.0
      path-is-absolute: 1.0.1
    dev: false

  /google-protobuf@3.14.0:
    resolution: {integrity: sha512-bwa8dBuMpOxg7COyqkW6muQuvNnWgVN8TX/epDRGW5m0jcrmq2QJyCyiV8ZE2/6LaIIqJtiv9bYokFhfpy/o6w==}
    dev: false

  /graceful-fs@4.2.4:
    resolution: {integrity: sha512-WjKPNJF79dtJAVniUlGGWHYGz2jWxT6VhN/4m1NdkbZ2nOsEF+cI1Edgql5zCRhs/VsQYRvrXctxktVXZUkixw==}
    dev: false

  /has-symbols@1.0.1:
    resolution: {integrity: sha512-PLcsoqu++dmEIZB+6totNFKq/7Do+Z0u4oT0zKOJNl3lYK6vGwwu2hjHs+68OEZbTjiUE9bgOABXbP/GvrS0Kg==}
    engines: {node: '>= 0.4'}
    dev: false

  /has@1.0.3:
    resolution: {integrity: sha512-f2dvO0VU6Oej7RkWJGrehjbzMAjFp5/VKPp5tTpWIV4JHHZK1/BxbFRtf/siA2SWTe09caDmVtYYzWEIbBS4zw==}
    engines: {node: '>= 0.4.0'}
    dependencies:
      function-bind: 1.1.1
    dev: false

  /hosted-git-info@2.8.8:
    resolution: {integrity: sha512-f/wzC2QaWBs7t9IYqB4T3sR1xviIViXJRJTWBlx2Gf3g0Xi5vI7Yy4koXQ1c9OYDGHN9sBy1DQ2AB8fqZBWhUg==}
    dev: false

  /inflight@1.0.6:
    resolution: {integrity: sha1-Sb1jMdfQLQwJvJEKEHW6gWW1bfk=}
    dependencies:
      once: 1.4.0
      wrappy: 1.0.2
    dev: false

  /inherits@2.0.4:
    resolution: {integrity: sha512-k/vGaX4/Yla3WzyMCvTQOXYeIHvqOKtnqBduzTHpzpQZzAskKMhZ2K+EnBiSM9zGSoIFeMpXKxa4dYeZIQqewQ==}
    dev: false

  /is-callable@1.2.2:
    resolution: {integrity: sha512-dnMqspv5nU3LoewK2N/y7KLtxtakvTuaCsU9FU50/QDmdbHNy/4/JuRtMHqRU22o3q+W89YQndQEeCVwK+3qrA==}
    engines: {node: '>= 0.4'}
    dev: false

  /is-core-module@2.2.0:
    resolution: {integrity: sha512-XRAfAdyyY5F5cOXn7hYQDqh2Xmii+DEfIcQGxK/uNwMHhIkPWO0g8msXcbzLe+MpGoR951MlqM/2iIlU4vKDdQ==}
    dependencies:
      has: 1.0.3
    dev: false

  /is-date-object@1.0.2:
    resolution: {integrity: sha512-USlDT524woQ08aoZFzh3/Z6ch9Y/EWXEHQ/AaRN0SkKq4t2Jw2R2339tSXmwuVoY7LLlBCbOIlx2myP/L5zk0g==}
    engines: {node: '>= 0.4'}
    dev: false

  /is-negative-zero@2.0.1:
    resolution: {integrity: sha512-2z6JzQvZRa9A2Y7xC6dQQm4FSTSTNWjKIYYTt4246eMTJmIo0Q+ZyOsU66X8lxK1AbB92dFeglPLrhwpeRKO6w==}
    engines: {node: '>= 0.4'}
    dev: false

  /is-regex@1.1.1:
    resolution: {integrity: sha512-1+QkEcxiLlB7VEyFtyBg94e08OAsvq7FUBgApTq/w2ymCLyKJgDPsybBENVtA7XCQEgEXxKPonG+mvYRxh/LIg==}
    engines: {node: '>= 0.4'}
    dependencies:
      has-symbols: 1.0.1
    dev: false

  /is-symbol@1.0.3:
    resolution: {integrity: sha512-OwijhaRSgqvhm/0ZdAcXNZt9lYdKFpcRDT5ULUuYXPoT794UNOdU+gpT6Rzo7b4V2HUl/op6GqY894AZwv9faQ==}
    engines: {node: '>= 0.4'}
    dependencies:
      has-symbols: 1.0.1
    dev: false

  /js-yaml@3.14.1:
    resolution: {integrity: sha512-okMH7OXXJ7YrN9Ok3/SXrnu4iX9yOk+25nqX4imS2npuvTYDmo/QEZoqwZkYaIDk3jVvBOTOIEgEhaLOynBS9g==}
    hasBin: true
    dependencies:
      argparse: 1.0.10
      esprima: 4.0.1
    dev: false

  /json-parse-even-better-errors@2.3.1:
    resolution: {integrity: sha512-xyFwyhro/JEof6Ghe2iz2NcXoj2sloNsWr/XsERDK/oiPCfaNhl5ONfp+jQdAZRQQ0IJWNzH9zIZF7li91kh2w==}
    dev: false

  /long@4.0.0:
    resolution: {integrity: sha512-XsP+KhQif4bjX1kbuSiySJFNAehNxgLb6hPRGJ9QsUr8ajHkuXGdrHmFUTUUXhDwVX2R5bY4JNZEwbUiMhV+MA==}
    dev: false

  /make-error@1.3.6:
    resolution: {integrity: sha512-s8UhlNe7vPKomQhC1qFelMokr/Sc3AgNbso3n74mVPA5LTZwkB9NlXf4XPamLxJE8h0gh73rM94xvwRT2CVInw==}
    dev: false

  /mime-db@1.45.0:
    resolution: {integrity: sha512-CkqLUxUk15hofLoLyljJSrukZi8mAtgd+yE5uO4tqRZsdsAJKv0O+rFMhVDRJgozy+yG6md5KwuXhD4ocIoP+w==}
    engines: {node: '>= 0.6'}
    dev: false

  /mime-types@2.1.28:
    resolution: {integrity: sha512-0TO2yJ5YHYr7M2zzT7gDU1tbwHxEUWBCLt0lscSNpcdAfFyJOVEpRYNS7EXVcTLNj/25QO8gulHC5JtTzSE2UQ==}
    engines: {node: '>= 0.6'}
    dependencies:
      mime-db: 1.45.0
    dev: false

  /minimatch@3.0.4:
    resolution: {integrity: sha512-yJHVQEhyqPLUTgt9B83PXu6W3rx4MvvHvSUvToogpwoGDOUQ+yDrR0HRot+yOCdCO7u4hX3pWft6kWBBcqh0UA==}
    dependencies:
      brace-expansion: 1.1.11
    dev: false

  /minimist@1.2.5:
    resolution: {integrity: sha512-FM9nNUYrRBAELZQT3xeZQ7fmMOBg6nWNmJKTcgsJeaLstP/UODVpGsr5OhXhhXg6f+qtJ8uiZ+PUxkDWcgIXLw==}
    dev: false

  /mkdirp@0.5.5:
    resolution: {integrity: sha512-NKmAlESf6jMGym1++R0Ra7wvhV+wFW63FaSOFPwRahvea0gMUcGUhVeAg/0BC0wiv9ih5NYPB1Wn1UEI1/L+xQ==}
    hasBin: true
    dependencies:
      minimist: 1.2.5
    dev: false

  /node-fetch@2.6.12:
    resolution: {integrity: sha512-C/fGU2E8ToujUivIO0H+tpQ6HWo4eEmchoPIoXtxCrVghxdKq+QOHqEZW7tuP3KlV3bC8FRMO5nMCC7Zm1VP6g==}
    engines: {node: 4.x || >=6.0.0}
    peerDependencies:
      encoding: ^0.1.0
    peerDependenciesMeta:
      encoding:
        optional: true
    dependencies:
      whatwg-url: 5.0.0
    dev: false

  /normalize-package-data@2.5.0:
    resolution: {integrity: sha512-/5CMN3T0R4XTj4DcGaexo+roZSdSFW/0AOOTROrjxzCG1wrWXEsGbRKevjlIL+ZDE4sZlJr5ED4YW0yqmkK+eA==}
    dependencies:
      hosted-git-info: 2.8.8
      resolve: 1.19.0
      semver: 5.7.1
      validate-npm-package-license: 3.0.4
    dev: false

  /npm-normalize-package-bin@1.0.1:
    resolution: {integrity: sha512-EPfafl6JL5/rU+ot6P3gRSCpPDW5VmIzX959Ob1+ySFUuuYHWHekXpwdUZcKP5C+DS4GEtdJluwBjnsNDl+fSA==}
    dev: false

  /object-inspect@1.9.0:
    resolution: {integrity: sha512-i3Bp9iTqwhaLZBxGkRfo5ZbE07BQRT7MGu8+nNgwW9ItGp1TzCTw2DLEoWwjClxBjOFI/hWljTAmYGCEwmtnOw==}
    dev: false

  /object-keys@1.1.1:
    resolution: {integrity: sha512-NuAESUOUMrlIXOfHKzD6bpPu3tYt3xvjNdRIQ+FeT0lNb4K8WR70CaDxhuNguS2XG+GjkyMwOzsN5ZktImfhLA==}
    engines: {node: '>= 0.4'}
    dev: false

  /object.assign@4.1.2:
    resolution: {integrity: sha512-ixT2L5THXsApyiUPYKmW+2EHpXXe5Ii3M+f4e+aJFAHao5amFRW6J0OO6c/LU8Be47utCx2GL89hxGB6XSmKuQ==}
    engines: {node: '>= 0.4'}
    dependencies:
      call-bind: 1.0.2
      define-properties: 1.1.3
      has-symbols: 1.0.1
      object-keys: 1.1.1
    dev: false

  /object.getownpropertydescriptors@2.1.1:
    resolution: {integrity: sha512-6DtXgZ/lIZ9hqx4GtZETobXLR/ZLaa0aqV0kzbn80Rf8Z2e/XFnhA0I7p07N2wH8bBBltr2xQPi6sbKWAY2Eng==}
    engines: {node: '>= 0.8'}
    dependencies:
      call-bind: 1.0.2
      define-properties: 1.1.3
      es-abstract: 1.18.0-next.2
    dev: false

  /once@1.4.0:
    resolution: {integrity: sha1-WDsap3WWHUsROsF9nFC6753Xa9E=}
    dependencies:
      wrappy: 1.0.2
    dev: false

  /os-tmpdir@1.0.2:
    resolution: {integrity: sha1-u+Z0BseaqFxc/sdm/lc0VV36EnQ=}
    engines: {node: '>=0.10.0'}
    dev: false

  /path-is-absolute@1.0.1:
    resolution: {integrity: sha1-F0uSaHNVNP+8es5r9TpanhtcX18=}
    engines: {node: '>=0.10.0'}
    dev: false

  /path-parse@1.0.6:
    resolution: {integrity: sha512-GSmOT2EbHrINBf9SR7CDELwlJ8AENk3Qn7OikK4nFYAu3Ote2+JYNVvkpAEQm3/TLNEJFD/xZJjzyxg3KBWOzw==}
    dev: false

  /protobufjs@6.10.2:
    resolution: {integrity: sha512-27yj+04uF6ya9l+qfpH187aqEzfCF4+Uit0I9ZBQVqK09hk/SQzKa2MUqUpXaVa7LOFRg1TSSr3lVxGOk6c0SQ==}
    hasBin: true
    requiresBuild: true
    dependencies:
      '@protobufjs/aspromise': 1.1.2
      '@protobufjs/base64': 1.1.2
      '@protobufjs/codegen': 2.0.4
      '@protobufjs/eventemitter': 1.1.0
      '@protobufjs/fetch': 1.1.0
      '@protobufjs/float': 1.0.2
      '@protobufjs/inquire': 1.1.0
      '@protobufjs/path': 1.1.2
      '@protobufjs/pool': 1.1.0
      '@protobufjs/utf8': 1.1.0
      '@types/long': 4.0.1
      '@types/node': 13.13.40
      long: 4.0.0
    dev: false

  /read-package-json@2.1.2:
    resolution: {integrity: sha512-D1KmuLQr6ZSJS0tW8hf3WGpRlwszJOXZ3E8Yd/DNRaM5d+1wVRZdHlpGBLAuovjr28LbWvjpWkBHMxpRGGjzNA==}
    dependencies:
      glob: 7.1.6
      json-parse-even-better-errors: 2.3.1
      normalize-package-data: 2.5.0
      npm-normalize-package-bin: 1.0.1
    dev: false

  /read-package-tree@5.3.1:
    resolution: {integrity: sha512-mLUDsD5JVtlZxjSlPPx1RETkNjjvQYuweKwNVt1Sn8kP5Jh44pvYuUHCp6xSVDZWbNxVxG5lyZJ921aJH61sTw==}
    dependencies:
      read-package-json: 2.1.2
      readdir-scoped-modules: 1.1.0
      util-promisify: 2.1.0
    dev: false

  /readdir-scoped-modules@1.1.0:
    resolution: {integrity: sha512-asaikDeqAQg7JifRsZn1NJZXo9E+VwlyCfbkZhwyISinqk5zNS6266HS5kah6P0SaQKGF6SkNnZVHUzHFYxYDw==}
    dependencies:
      debuglog: 1.0.1
      dezalgo: 1.0.3
      graceful-fs: 4.2.4
      once: 1.4.0
    dev: false

  /require-from-string@2.0.2:
    resolution: {integrity: sha512-Xf0nWe6RseziFMu+Ap9biiUbmplq6S9/p+7w7YXP/JBHhrUDDUhwa+vANyubuqfZWTveU//DYVGsDG7RKL/vEw==}
    engines: {node: '>=0.10.0'}
    dev: false

  /resolve@1.19.0:
    resolution: {integrity: sha512-rArEXAgsBG4UgRGcynxWIWKFvh/XZCcS8UJdHhwy91zwAvCZIbcs+vAbflgBnNjYMs/i/i+/Ux6IZhML1yPvxg==}
    dependencies:
      is-core-module: 2.2.0
      path-parse: 1.0.6
    dev: false

  /semver@5.7.1:
    resolution: {integrity: sha512-sauaDf/PZdVgrLTNYHRtpXa1iRiKcaebiKQ1BJdpQlWH2lCvexQdX55snPFyK7QzpudqbCI0qXFfOasHdyNDGQ==}
    hasBin: true
    dev: false

  /semver@6.3.0:
    resolution: {integrity: sha512-b39TBaTSfV6yBrapU89p5fKekE2m/NwnDocOVruQFS1/veMgdzuPcnOM34M6CwxW8jH/lxEa5rBoDeUwu5HHTw==}
    hasBin: true
    dev: false

  /shell-quote@1.7.2:
    resolution: {integrity: sha512-mRz/m/JVscCrkMyPqHc/bczi3OQHkLTqXHEFu0zDhK/qfv3UcOA4SVmRCLmos4bhjr9ekVQubj/R7waKapmiQg==}
    dev: false

  /source-map-support@0.4.18:
    resolution: {integrity: sha512-try0/JqxPLF9nOjvSta7tVondkP5dwgyLDjVoyMDlmjugT2lRZ1OfsrYTkCd2hkDnJTKRbO/Rl3orm8vlsUzbA==}
    dependencies:
      source-map: 0.5.7
    dev: false

  /source-map-support@0.5.19:
    resolution: {integrity: sha512-Wonm7zOCIJzBGQdB+thsPar0kYuCIzYvxZwlBa87yi/Mdjv7Tip2cyVbLj5o0cFPN4EVkuTwb3GDDyUx2DGnGw==}
    dependencies:
      buffer-from: 1.1.1
      source-map: 0.6.1
    dev: false

  /source-map@0.5.7:
    resolution: {integrity: sha1-igOdLRAh0i0eoUyA2OpGi6LvP8w=}
    engines: {node: '>=0.10.0'}
    dev: false

  /source-map@0.6.1:
    resolution: {integrity: sha512-UjgapumWlbMhkBgzT7Ykc5YXUT46F0iKu8SGXq0bcwP5dz/h0Plj6enJqjz1Zbq2l5WaqYnrVbwWOWMyF3F47g==}
    engines: {node: '>=0.10.0'}
    dev: false

  /spdx-correct@3.1.1:
    resolution: {integrity: sha512-cOYcUWwhCuHCXi49RhFRCyJEK3iPj1Ziz9DpViV3tbZOwXD49QzIN3MpOLJNxh2qwq2lJJZaKMVw9qNi4jTC0w==}
    dependencies:
      spdx-expression-parse: 3.0.1
      spdx-license-ids: 3.0.7
    dev: false

  /spdx-exceptions@2.3.0:
    resolution: {integrity: sha512-/tTrYOC7PPI1nUAgx34hUpqXuyJG+DTHJTnIULG4rDygi4xu/tfgmq1e1cIRwRzwZgo4NLySi+ricLkZkw4i5A==}
    dev: false

  /spdx-expression-parse@3.0.1:
    resolution: {integrity: sha512-cbqHunsQWnJNE6KhVSMsMeH5H/L9EpymbzqTQ3uLwNCLZ1Q481oWaofqH7nO6V07xlXwY6PhQdQ2IedWx/ZK4Q==}
    dependencies:
      spdx-exceptions: 2.3.0
      spdx-license-ids: 3.0.7
    dev: false

  /spdx-license-ids@3.0.7:
    resolution: {integrity: sha512-U+MTEOO0AiDzxwFvoa4JVnMV6mZlJKk2sBLt90s7G0Gd0Mlknc7kxEn3nuDPNZRta7O2uy8oLcZLVT+4sqNZHQ==}
    dev: false

  /sprintf-js@1.0.3:
    resolution: {integrity: sha1-BOaSb2YolTVPPdAVIDYzuFcpfiw=}
    dev: false

  /string.prototype.trimend@1.0.3:
    resolution: {integrity: sha512-ayH0pB+uf0U28CtjlLvL7NaohvR1amUvVZk+y3DYb0Ey2PUV5zPkkKy9+U1ndVEIXO8hNg18eIv9Jntbii+dKw==}
    dependencies:
      call-bind: 1.0.2
      define-properties: 1.1.3
    dev: false

  /string.prototype.trimstart@1.0.3:
    resolution: {integrity: sha512-oBIBUy5lea5tt0ovtOFiEQaBkoBBkyJhZXzJYrSmDo5IUUqbOPvVezuRs/agBIdZ2p2Eo1FD6bD9USyBLfl3xg==}
    dependencies:
      call-bind: 1.0.2
      define-properties: 1.1.3
    dev: false

  /tmp@0.0.33:
    resolution: {integrity: sha512-jRCJlojKnZ3addtTOjdIqoRuPEKBvNXcGYqzO6zWZX8KfKEpnGY5jfggJQ3EjKuu8D4bJRr0y+cYJFmYbImXGw==}
    engines: {node: '>=0.6.0'}
    dependencies:
      os-tmpdir: 1.0.2
    dev: false

  /tr46@0.0.3:
    resolution: {integrity: sha512-N3WMsuqV66lT30CrXNbEjx4GEwlow3v6rr4mCcv6prnfwhS01rkgyFdjPNBYd9br7LpXV1+Emh01fHnq2Gdgrw==}
    dev: false

  /ts-node@7.0.1:
    resolution: {integrity: sha512-BVwVbPJRspzNh2yfslyT1PSbl5uIk03EZlb493RKHN4qej/D06n1cEhjlOJG69oFsE7OT8XjpTUcYf6pKTLMhw==}
    engines: {node: '>=4.2.0'}
    hasBin: true
    dependencies:
      arrify: 1.0.1
      buffer-from: 1.1.1
      diff: 3.5.0
      make-error: 1.3.6
      minimist: 1.2.5
      mkdirp: 0.5.5
      source-map-support: 0.5.19
      yn: 2.0.0
    dev: false

  /typescript@3.7.5:
    resolution: {integrity: sha512-/P5lkRXkWHNAbcJIiHPfRoKqyd7bsyCma1hZNUGfn20qm64T6ZBlrzprymeu918H+mB/0rIg2gGK/BXkhhYgBw==}
    engines: {node: '>=4.2.0'}
    hasBin: true
    dev: false

  /upath@1.2.0:
    resolution: {integrity: sha512-aZwGpamFO61g3OlfT7OQCHqhGnW43ieH9WZeP7QxN/G/jS4jfqUkZxoryvJgVPEcrl5NL/ggHsSmLMHuH64Lhg==}
    engines: {node: '>=4'}
    dev: false

  /util-promisify@2.1.0:
    resolution: {integrity: sha1-PCI2R2xNMsX/PEcAKt18E7moKlM=}
    dependencies:
      object.getownpropertydescriptors: 2.1.1
    dev: false

  /validate-npm-package-license@3.0.4:
    resolution: {integrity: sha512-DpKm2Ui/xN7/HQKCtpZxoRWBhZ9Z0kqtygG8XCgNQ8ZlDnxuQmWhj566j8fN4Cu3/JmbhsDo7fcAJq4s9h27Ew==}
    dependencies:
      spdx-correct: 3.1.1
      spdx-expression-parse: 3.0.1
    dev: false

  /webidl-conversions@3.0.1:
    resolution: {integrity: sha512-2JAn3z8AR6rjK8Sm8orRC0h/bcl/DqL7tRPdGZ4I1CjdF+EaMLmYxBHyXuKL849eucPFhvBoxMsflfOb8kxaeQ==}
    dev: false

  /whatwg-url@5.0.0:
    resolution: {integrity: sha512-saE57nupxk6v3HY35+jzBwYa0rKSy0XR8JSxZPwgLr7ys0IBzhGviA1/TUGJLmSVqs8pb9AnvICXEuOHLprYTw==}
    dependencies:
      tr46: 0.0.3
      webidl-conversions: 3.0.1
    dev: false

  /wrappy@1.0.2:
    resolution: {integrity: sha1-tSQ9jz7BqjXxNkYFvA0QNuMKtp8=}
    dev: false

  /yn@2.0.0:
    resolution: {integrity: sha1-5a2ryKz0CPY4X8dklWhMiOavaJo=}
    engines: {node: '>=4'}
    dev: false
